
Microsoft Visual Studio Solution File, Format Version 12.00
# Visual Studio 15
VisualStudioVersion = 15.0.26730.15
MinimumVisualStudioVersion = 10.0.40219.1
Project("{FAE04EC0-301F-11D3-BF4B-00C04F79EFBC}") = "Logikfabrik.Overseer", "Logikfabrik.Overseer\Logikfabrik.Overseer.csproj", "{C5200750-C9E9-43F5-8EE5-DA7FECC32135}"
EndProject
Project("{FAE04EC0-301F-11D3-BF4B-00C04F79EFBC}") = "Logikfabrik.Overseer.WPF", "Logikfabrik.Overseer.WPF\Logikfabrik.Overseer.WPF.csproj", "{E0B1C813-0741-4D07-B641-026AFD7BC508}"
EndProject
Project("{FAE04EC0-301F-11D3-BF4B-00C04F79EFBC}") = "Logikfabrik.Overseer.WPF.Client", "Logikfabrik.Overseer.WPF.Client\Logikfabrik.Overseer.WPF.Client.csproj", "{D985D9DA-E52C-42BD-B17B-A4578B865696}"
EndProject
Project("{FAE04EC0-301F-11D3-BF4B-00C04F79EFBC}") = "Logikfabrik.Overseer.WPF.Provider.AppVeyor", "Logikfabrik.Overseer.WPF.Provider.AppVeyor\Logikfabrik.Overseer.WPF.Provider.AppVeyor.csproj", "{61974166-E0DB-4667-8815-75C30A30215D}"
EndProject
Project("{FAE04EC0-301F-11D3-BF4B-00C04F79EFBC}") = "Logikfabrik.Overseer.WPF.Provider.VSTeamServices", "Logikfabrik.Overseer.WPF.Provider.VSTeamServices\Logikfabrik.Overseer.WPF.Provider.VSTeamServices.csproj", "{6080EDC7-5BC4-4BDA-9FC7-B745A38F0EFB}"
EndProject
Project("{FAE04EC0-301F-11D3-BF4B-00C04F79EFBC}") = "Logikfabrik.Overseer.Test", "Logikfabrik.Overseer.Test\Logikfabrik.Overseer.Test.csproj", "{8D66C1CD-1215-478B-B1E7-BB7630FFDDD9}"
EndProject
Project("{FAE04EC0-301F-11D3-BF4B-00C04F79EFBC}") = "Logikfabrik.Overseer.WPF.Test", "Logikfabrik.Overseer.WPF.Test\Logikfabrik.Overseer.WPF.Test.csproj", "{ACFF75F6-9B51-4A84-912C-202D4FFD77AD}"
EndProject
Project("{930C7802-8A8C-48F9-8165-68863BCCD9DD}") = "Logikfabrik.Overseer.Setup", "Logikfabrik.Overseer.Setup\Logikfabrik.Overseer.Setup.wixproj", "{93446262-5F80-4ED6-B53B-E543AC8245EF}"
EndProject
Project("{FAE04EC0-301F-11D3-BF4B-00C04F79EFBC}") = "Logikfabrik.Overseer.WPF.Provider.TeamCity", "Logikfabrik.Overseer.WPF.Provider.TeamCity\Logikfabrik.Overseer.WPF.Provider.TeamCity.csproj", "{89A4EA8B-685A-4A7F-91B3-6C16817FB5F6}"
EndProject
Project("{FAE04EC0-301F-11D3-BF4B-00C04F79EFBC}") = "Logikfabrik.Overseer.WPF.Provider.Jenkins", "Logikfabrik.Overseer.WPF.Provider.Jenkins\Logikfabrik.Overseer.WPF.Provider.Jenkins.csproj", "{F4F07A30-BE00-4295-BD36-3FC0B5E79B94}"
EndProject
Project("{FAE04EC0-301F-11D3-BF4B-00C04F79EFBC}") = "Logikfabrik.Overseer.WPF.Provider.TeamCity.Test", "Logikfabrik.Overseer.WPF.Provider.TeamCity.Test\Logikfabrik.Overseer.WPF.Provider.TeamCity.Test.csproj", "{A673BD86-AD99-4CF7-A83B-AE39196BA846}"
EndProject
Project("{FAE04EC0-301F-11D3-BF4B-00C04F79EFBC}") = "Logikfabrik.Overseer.WPF.Provider.CircleCI", "Logikfabrik.Overseer.WPF.Provider.CircleCI\Logikfabrik.Overseer.WPF.Provider.CircleCI.csproj", "{261D8616-8433-4C31-BB88-FC62FA389029}"
EndProject
Project("{FAE04EC0-301F-11D3-BF4B-00C04F79EFBC}") = "Logikfabrik.Overseer.WPF.Provider.Codeship", "Logikfabrik.Overseer.WPF.Provider.Codeship\Logikfabrik.Overseer.WPF.Provider.Codeship.csproj", "{8E789175-EB12-43D0-B432-9308AE97D989}"
EndProject
Project("{FAE04EC0-301F-11D3-BF4B-00C04F79EFBC}") = "Logikfabrik.Overseer.WPF.Client.Test", "Logikfabrik.Overseer.WPF.Client.Test\Logikfabrik.Overseer.WPF.Client.Test.csproj", "{B6DB0C8E-217D-438A-B747-1357000104CB}"
EndProject
Project("{2150E333-8FDC-42A3-9474-1A3956D46DE8}") = "Test", "Test", "{94E511CC-D818-414E-AE3E-0DE69D66D0DB}"
EndProject
Global
	GlobalSection(SolutionConfigurationPlatforms) = preSolution
		Debug|Any CPU = Debug|Any CPU
		Debug|x86 = Debug|x86
		Release|Any CPU = Release|Any CPU
		Release|x86 = Release|x86
	EndGlobalSection
	GlobalSection(ProjectConfigurationPlatforms) = postSolution
		{C5200750-C9E9-43F5-8EE5-DA7FECC32135}.Debug|Any CPU.ActiveCfg = Debug|Any CPU
		{C5200750-C9E9-43F5-8EE5-DA7FECC32135}.Debug|Any CPU.Build.0 = Debug|Any CPU
		{C5200750-C9E9-43F5-8EE5-DA7FECC32135}.Debug|x86.ActiveCfg = Debug|Any CPU
		{C5200750-C9E9-43F5-8EE5-DA7FECC32135}.Debug|x86.Build.0 = Debug|Any CPU
		{C5200750-C9E9-43F5-8EE5-DA7FECC32135}.Release|Any CPU.ActiveCfg = Release|Any CPU
		{C5200750-C9E9-43F5-8EE5-DA7FECC32135}.Release|Any CPU.Build.0 = Release|Any CPU
		{C5200750-C9E9-43F5-8EE5-DA7FECC32135}.Release|x86.ActiveCfg = Release|Any CPU
		{C5200750-C9E9-43F5-8EE5-DA7FECC32135}.Release|x86.Build.0 = Release|Any CPU
		{E0B1C813-0741-4D07-B641-026AFD7BC508}.Debug|Any CPU.ActiveCfg = Debug|Any CPU
		{E0B1C813-0741-4D07-B641-026AFD7BC508}.Debug|Any CPU.Build.0 = Debug|Any CPU
		{E0B1C813-0741-4D07-B641-026AFD7BC508}.Debug|x86.ActiveCfg = Debug|Any CPU
		{E0B1C813-0741-4D07-B641-026AFD7BC508}.Debug|x86.Build.0 = Debug|Any CPU
		{E0B1C813-0741-4D07-B641-026AFD7BC508}.Release|Any CPU.ActiveCfg = Release|Any CPU
		{E0B1C813-0741-4D07-B641-026AFD7BC508}.Release|Any CPU.Build.0 = Release|Any CPU
		{E0B1C813-0741-4D07-B641-026AFD7BC508}.Release|x86.ActiveCfg = Release|Any CPU
		{E0B1C813-0741-4D07-B641-026AFD7BC508}.Release|x86.Build.0 = Release|Any CPU
		{D985D9DA-E52C-42BD-B17B-A4578B865696}.Debug|Any CPU.ActiveCfg = Debug|Any CPU
		{D985D9DA-E52C-42BD-B17B-A4578B865696}.Debug|Any CPU.Build.0 = Debug|Any CPU
		{D985D9DA-E52C-42BD-B17B-A4578B865696}.Debug|x86.ActiveCfg = Debug|Any CPU
		{D985D9DA-E52C-42BD-B17B-A4578B865696}.Debug|x86.Build.0 = Debug|Any CPU
		{D985D9DA-E52C-42BD-B17B-A4578B865696}.Release|Any CPU.ActiveCfg = Release|Any CPU
		{D985D9DA-E52C-42BD-B17B-A4578B865696}.Release|Any CPU.Build.0 = Release|Any CPU
		{D985D9DA-E52C-42BD-B17B-A4578B865696}.Release|x86.ActiveCfg = Release|Any CPU
		{D985D9DA-E52C-42BD-B17B-A4578B865696}.Release|x86.Build.0 = Release|Any CPU
		{61974166-E0DB-4667-8815-75C30A30215D}.Debug|Any CPU.ActiveCfg = Debug|Any CPU
		{61974166-E0DB-4667-8815-75C30A30215D}.Debug|Any CPU.Build.0 = Debug|Any CPU
		{61974166-E0DB-4667-8815-75C30A30215D}.Debug|x86.ActiveCfg = Debug|Any CPU
		{61974166-E0DB-4667-8815-75C30A30215D}.Debug|x86.Build.0 = Debug|Any CPU
		{61974166-E0DB-4667-8815-75C30A30215D}.Release|Any CPU.ActiveCfg = Release|Any CPU
		{61974166-E0DB-4667-8815-75C30A30215D}.Release|Any CPU.Build.0 = Release|Any CPU
		{61974166-E0DB-4667-8815-75C30A30215D}.Release|x86.ActiveCfg = Release|Any CPU
		{61974166-E0DB-4667-8815-75C30A30215D}.Release|x86.Build.0 = Release|Any CPU
		{6080EDC7-5BC4-4BDA-9FC7-B745A38F0EFB}.Debug|Any CPU.ActiveCfg = Debug|Any CPU
		{6080EDC7-5BC4-4BDA-9FC7-B745A38F0EFB}.Debug|Any CPU.Build.0 = Debug|Any CPU
		{6080EDC7-5BC4-4BDA-9FC7-B745A38F0EFB}.Debug|x86.ActiveCfg = Debug|Any CPU
		{6080EDC7-5BC4-4BDA-9FC7-B745A38F0EFB}.Debug|x86.Build.0 = Debug|Any CPU
		{6080EDC7-5BC4-4BDA-9FC7-B745A38F0EFB}.Release|Any CPU.ActiveCfg = Release|Any CPU
		{6080EDC7-5BC4-4BDA-9FC7-B745A38F0EFB}.Release|Any CPU.Build.0 = Release|Any CPU
		{6080EDC7-5BC4-4BDA-9FC7-B745A38F0EFB}.Release|x86.ActiveCfg = Release|Any CPU
		{6080EDC7-5BC4-4BDA-9FC7-B745A38F0EFB}.Release|x86.Build.0 = Release|Any CPU
		{8D66C1CD-1215-478B-B1E7-BB7630FFDDD9}.Debug|Any CPU.ActiveCfg = Debug|Any CPU
		{8D66C1CD-1215-478B-B1E7-BB7630FFDDD9}.Debug|Any CPU.Build.0 = Debug|Any CPU
		{8D66C1CD-1215-478B-B1E7-BB7630FFDDD9}.Debug|x86.ActiveCfg = Debug|Any CPU
		{8D66C1CD-1215-478B-B1E7-BB7630FFDDD9}.Debug|x86.Build.0 = Debug|Any CPU
		{8D66C1CD-1215-478B-B1E7-BB7630FFDDD9}.Release|Any CPU.ActiveCfg = Release|Any CPU
		{8D66C1CD-1215-478B-B1E7-BB7630FFDDD9}.Release|Any CPU.Build.0 = Release|Any CPU
		{8D66C1CD-1215-478B-B1E7-BB7630FFDDD9}.Release|x86.ActiveCfg = Release|Any CPU
		{8D66C1CD-1215-478B-B1E7-BB7630FFDDD9}.Release|x86.Build.0 = Release|Any CPU
		{ACFF75F6-9B51-4A84-912C-202D4FFD77AD}.Debug|Any CPU.ActiveCfg = Debug|Any CPU
		{ACFF75F6-9B51-4A84-912C-202D4FFD77AD}.Debug|Any CPU.Build.0 = Debug|Any CPU
		{ACFF75F6-9B51-4A84-912C-202D4FFD77AD}.Debug|x86.ActiveCfg = Debug|Any CPU
		{ACFF75F6-9B51-4A84-912C-202D4FFD77AD}.Debug|x86.Build.0 = Debug|Any CPU
		{ACFF75F6-9B51-4A84-912C-202D4FFD77AD}.Release|Any CPU.ActiveCfg = Release|Any CPU
		{ACFF75F6-9B51-4A84-912C-202D4FFD77AD}.Release|Any CPU.Build.0 = Release|Any CPU
		{ACFF75F6-9B51-4A84-912C-202D4FFD77AD}.Release|x86.ActiveCfg = Release|Any CPU
		{ACFF75F6-9B51-4A84-912C-202D4FFD77AD}.Release|x86.Build.0 = Release|Any CPU
		{93446262-5F80-4ED6-B53B-E543AC8245EF}.Debug|Any CPU.ActiveCfg = Debug|x86
		{93446262-5F80-4ED6-B53B-E543AC8245EF}.Debug|x86.ActiveCfg = Debug|x86
		{93446262-5F80-4ED6-B53B-E543AC8245EF}.Debug|x86.Build.0 = Debug|x86
		{93446262-5F80-4ED6-B53B-E543AC8245EF}.Release|Any CPU.ActiveCfg = Release|x86
		{93446262-5F80-4ED6-B53B-E543AC8245EF}.Release|Any CPU.Build.0 = Release|x86
		{93446262-5F80-4ED6-B53B-E543AC8245EF}.Release|x86.ActiveCfg = Release|x86
		{93446262-5F80-4ED6-B53B-E543AC8245EF}.Release|x86.Build.0 = Release|x86
		{89A4EA8B-685A-4A7F-91B3-6C16817FB5F6}.Debug|Any CPU.ActiveCfg = Debug|Any CPU
		{89A4EA8B-685A-4A7F-91B3-6C16817FB5F6}.Debug|Any CPU.Build.0 = Debug|Any CPU
		{89A4EA8B-685A-4A7F-91B3-6C16817FB5F6}.Debug|x86.ActiveCfg = Debug|Any CPU
		{89A4EA8B-685A-4A7F-91B3-6C16817FB5F6}.Debug|x86.Build.0 = Debug|Any CPU
		{89A4EA8B-685A-4A7F-91B3-6C16817FB5F6}.Release|Any CPU.ActiveCfg = Release|Any CPU
		{89A4EA8B-685A-4A7F-91B3-6C16817FB5F6}.Release|Any CPU.Build.0 = Release|Any CPU
		{89A4EA8B-685A-4A7F-91B3-6C16817FB5F6}.Release|x86.ActiveCfg = Release|Any CPU
		{89A4EA8B-685A-4A7F-91B3-6C16817FB5F6}.Release|x86.Build.0 = Release|Any CPU
		{F4F07A30-BE00-4295-BD36-3FC0B5E79B94}.Debug|Any CPU.ActiveCfg = Debug|Any CPU
		{F4F07A30-BE00-4295-BD36-3FC0B5E79B94}.Debug|Any CPU.Build.0 = Debug|Any CPU
		{F4F07A30-BE00-4295-BD36-3FC0B5E79B94}.Debug|x86.ActiveCfg = Debug|Any CPU
		{F4F07A30-BE00-4295-BD36-3FC0B5E79B94}.Debug|x86.Build.0 = Debug|Any CPU
		{F4F07A30-BE00-4295-BD36-3FC0B5E79B94}.Release|Any CPU.ActiveCfg = Release|Any CPU
		{F4F07A30-BE00-4295-BD36-3FC0B5E79B94}.Release|Any CPU.Build.0 = Release|Any CPU
		{F4F07A30-BE00-4295-BD36-3FC0B5E79B94}.Release|x86.ActiveCfg = Release|Any CPU
		{F4F07A30-BE00-4295-BD36-3FC0B5E79B94}.Release|x86.Build.0 = Release|Any CPU
		{A673BD86-AD99-4CF7-A83B-AE39196BA846}.Debug|Any CPU.ActiveCfg = Debug|Any CPU
		{A673BD86-AD99-4CF7-A83B-AE39196BA846}.Debug|Any CPU.Build.0 = Debug|Any CPU
		{A673BD86-AD99-4CF7-A83B-AE39196BA846}.Debug|x86.ActiveCfg = Debug|Any CPU
		{A673BD86-AD99-4CF7-A83B-AE39196BA846}.Debug|x86.Build.0 = Debug|Any CPU
		{A673BD86-AD99-4CF7-A83B-AE39196BA846}.Release|Any CPU.ActiveCfg = Release|Any CPU
		{A673BD86-AD99-4CF7-A83B-AE39196BA846}.Release|Any CPU.Build.0 = Release|Any CPU
		{A673BD86-AD99-4CF7-A83B-AE39196BA846}.Release|x86.ActiveCfg = Release|Any CPU
		{A673BD86-AD99-4CF7-A83B-AE39196BA846}.Release|x86.Build.0 = Release|Any CPU
		{261D8616-8433-4C31-BB88-FC62FA389029}.Debug|Any CPU.ActiveCfg = Debug|Any CPU
		{261D8616-8433-4C31-BB88-FC62FA389029}.Debug|Any CPU.Build.0 = Debug|Any CPU
		{261D8616-8433-4C31-BB88-FC62FA389029}.Debug|x86.ActiveCfg = Debug|Any CPU
		{261D8616-8433-4C31-BB88-FC62FA389029}.Debug|x86.Build.0 = Debug|Any CPU
		{261D8616-8433-4C31-BB88-FC62FA389029}.Release|Any CPU.ActiveCfg = Release|Any CPU
		{261D8616-8433-4C31-BB88-FC62FA389029}.Release|Any CPU.Build.0 = Release|Any CPU
		{261D8616-8433-4C31-BB88-FC62FA389029}.Release|x86.ActiveCfg = Release|Any CPU
		{261D8616-8433-4C31-BB88-FC62FA389029}.Release|x86.Build.0 = Release|Any CPU
		{8E789175-EB12-43D0-B432-9308AE97D989}.Debug|Any CPU.ActiveCfg = Debug|Any CPU
		{8E789175-EB12-43D0-B432-9308AE97D989}.Debug|Any CPU.Build.0 = Debug|Any CPU
		{8E789175-EB12-43D0-B432-9308AE97D989}.Debug|x86.ActiveCfg = Debug|Any CPU
		{8E789175-EB12-43D0-B432-9308AE97D989}.Debug|x86.Build.0 = Debug|Any CPU
		{8E789175-EB12-43D0-B432-9308AE97D989}.Release|Any CPU.ActiveCfg = Release|Any CPU
		{8E789175-EB12-43D0-B432-9308AE97D989}.Release|Any CPU.Build.0 = Release|Any CPU
		{8E789175-EB12-43D0-B432-9308AE97D989}.Release|x86.ActiveCfg = Release|Any CPU
		{8E789175-EB12-43D0-B432-9308AE97D989}.Release|x86.Build.0 = Release|Any CPU
		{B6DB0C8E-217D-438A-B747-1357000104CB}.Debug|Any CPU.ActiveCfg = Debug|Any CPU
		{B6DB0C8E-217D-438A-B747-1357000104CB}.Debug|Any CPU.Build.0 = Debug|Any CPU
		{B6DB0C8E-217D-438A-B747-1357000104CB}.Debug|x86.ActiveCfg = Debug|Any CPU
		{B6DB0C8E-217D-438A-B747-1357000104CB}.Debug|x86.Build.0 = Debug|Any CPU
		{B6DB0C8E-217D-438A-B747-1357000104CB}.Release|Any CPU.ActiveCfg = Release|Any CPU
		{B6DB0C8E-217D-438A-B747-1357000104CB}.Release|Any CPU.Build.0 = Release|Any CPU
		{B6DB0C8E-217D-438A-B747-1357000104CB}.Release|x86.ActiveCfg = Release|Any CPU
		{B6DB0C8E-217D-438A-B747-1357000104CB}.Release|x86.Build.0 = Release|Any CPU
	EndGlobalSection
	GlobalSection(SolutionProperties) = preSolution
		HideSolutionNode = FALSE
	EndGlobalSection
	GlobalSection(NestedProjects) = preSolution
		{8D66C1CD-1215-478B-B1E7-BB7630FFDDD9} = {94E511CC-D818-414E-AE3E-0DE69D66D0DB}
		{ACFF75F6-9B51-4A84-912C-202D4FFD77AD} = {94E511CC-D818-414E-AE3E-0DE69D66D0DB}
		{A673BD86-AD99-4CF7-A83B-AE39196BA846} = {94E511CC-D818-414E-AE3E-0DE69D66D0DB}
		{B6DB0C8E-217D-438A-B747-1357000104CB} = {94E511CC-D818-414E-AE3E-0DE69D66D0DB}
	EndGlobalSection
	GlobalSection(ExtensibilityGlobals) = postSolution
		SolutionGuid = {C09F4D6A-98F9-4D88-886B-45D09D2709AB}
	EndGlobalSection
EndGlobal
